
Microsoft Visual Studio Solution File, Format Version 12.00
# Visual Studio Version 17
VisualStudioVersion = 17.8.34322.80
MinimumVisualStudioVersion = 10.0.40219.1
Project("{FAE04EC0-301F-11D3-BF4B-00C04F79EFBC}") = "SimpleBlog.WebApi", "SimpleBlog.WebApi\SimpleBlog.WebApi.csproj", "{1C4AD139-29B2-417A-896F-A08044FE56F0}"
EndProject
Global
	GlobalSection(SolutionConfigurationPlatforms) = preSolution
		Debug|Any CPU = Debug|Any CPU
		Release|Any CPU = Release|Any CPU
	EndGlobalSection
	GlobalSection(ProjectConfigurationPlatforms) = postSolution
		{1C4AD139-29B2-417A-896F-A08044FE56F0}.Debug|Any CPU.ActiveCfg = Debug|Any CPU
		{1C4AD139-29B2-417A-896F-A08044FE56F0}.Debug|Any CPU.Build.0 = Debug|Any CPU
		{1C4AD139-29B2-417A-896F-A08044FE56F0}.Release|Any CPU.ActiveCfg = Release|Any CPU
		{1C4AD139-29B2-417A-896F-A08044FE56F0}.Release|Any CPU.Build.0 = Release|Any CPU
	EndGlobalSection
	GlobalSection(SolutionProperties) = preSolution
		HideSolutionNode = FALSE
	EndGlobalSection
	GlobalSection(ExtensibilityGlobals) = postSolution
		SolutionGuid = {1155FE5E-F0B6-4EAF-88CC-8A78D453B282}
	EndGlobalSection
EndGlobal
